// !$*UTF8*$!
{
	archiveVersion = 1;
	classes = {
	};
	objectVersion = 56;
	objects = {

/* Begin PBXBuildFile section */
		F2C1F4162B6A33CB003EE259 /* DevoteApp.swift in Sources */ = {isa = PBXBuildFile; fileRef = F2C1F4152B6A33CB003EE259 /* DevoteApp.swift */; };
		F2C1F4182B6A33CB003EE259 /* ContentView.swift in Sources */ = {isa = PBXBuildFile; fileRef = F2C1F4172B6A33CB003EE259 /* ContentView.swift */; };
		F2C1F41A2B6A33CD003EE259 /* Assets.xcassets in Resources */ = {isa = PBXBuildFile; fileRef = F2C1F4192B6A33CD003EE259 /* Assets.xcassets */; };
		F2C1F41D2B6A33CD003EE259 /* Preview Assets.xcassets in Resources */ = {isa = PBXBuildFile; fileRef = F2C1F41C2B6A33CD003EE259 /* Preview Assets.xcassets */; };
		F2C1F41F2B6A33CD003EE259 /* Persistence.swift in Sources */ = {isa = PBXBuildFile; fileRef = F2C1F41E2B6A33CD003EE259 /* Persistence.swift */; };
		F2C1F4222B6A33CD003EE259 /* Devote.xcdatamodeld in Sources */ = {isa = PBXBuildFile; fileRef = F2C1F4202B6A33CD003EE259 /* Devote.xcdatamodeld */; };
		F2C1F42B2B6A3459003EE259 /* sound-tap.mp3 in Resources */ = {isa = PBXBuildFile; fileRef = F2C1F4282B6A3459003EE259 /* sound-tap.mp3 */; };
		F2C1F42C2B6A3459003EE259 /* sound-rise.mp3 in Resources */ = {isa = PBXBuildFile; fileRef = F2C1F4292B6A3459003EE259 /* sound-rise.mp3 */; };
		F2C1F42D2B6A3459003EE259 /* sound-ding.mp3 in Resources */ = {isa = PBXBuildFile; fileRef = F2C1F42A2B6A3459003EE259 /* sound-ding.mp3 */; };
		F2C1F43A2B6B749B003EE259 /* Constant.swift in Sources */ = {isa = PBXBuildFile; fileRef = F2C1F4392B6B749B003EE259 /* Constant.swift */; };
		F2C1F43C2B6BA934003EE259 /* HideKeyboardExtension.swift in Sources */ = {isa = PBXBuildFile; fileRef = F2C1F43B2B6BA934003EE259 /* HideKeyboardExtension.swift */; };
		F2C1F4402B6BB7B8003EE259 /* BackgroundImageView.swift in Sources */ = {isa = PBXBuildFile; fileRef = F2C1F43F2B6BB7B8003EE259 /* BackgroundImageView.swift */; };
		F2C1F4422B6BB888003EE259 /* NewTaskItemView.swift in Sources */ = {isa = PBXBuildFile; fileRef = F2C1F4412B6BB888003EE259 /* NewTaskItemView.swift */; };
		F2C1F4442B6BBC47003EE259 /* BlankView.swift in Sources */ = {isa = PBXBuildFile; fileRef = F2C1F4432B6BBC47003EE259 /* BlankView.swift */; };
		F2C1F4462B6BC3FC003EE259 /* ListRowItemView.swift in Sources */ = {isa = PBXBuildFile; fileRef = F2C1F4452B6BC3FC003EE259 /* ListRowItemView.swift */; };
		F2C1F4482B6BF43D003EE259 /* CheckBoxStyle.swift in Sources */ = {isa = PBXBuildFile; fileRef = F2C1F4472B6BF43D003EE259 /* CheckBoxStyle.swift */; };
		F2C1F44A2B6BF91C003EE259 /* NavButtonStyle.swift in Sources */ = {isa = PBXBuildFile; fileRef = F2C1F4492B6BF91C003EE259 /* NavButtonStyle.swift */; };
		F2C1F44C2B6CC22D003EE259 /* SoundPlayer.swift in Sources */ = {isa = PBXBuildFile; fileRef = F2C1F44B2B6CC22D003EE259 /* SoundPlayer.swift */; };
/* End PBXBuildFile section */

/* Begin PBXFileReference section */
		F2C1F4122B6A33CB003EE259 /* Devote.app */ = {isa = PBXFileReference; explicitFileType = wrapper.application; includeInIndex = 0; path = Devote.app; sourceTree = BUILT_PRODUCTS_DIR; };
		F2C1F4152B6A33CB003EE259 /* DevoteApp.swift */ = {isa = PBXFileReference; lastKnownFileType = sourcecode.swift; path = DevoteApp.swift; sourceTree = "<group>"; };
		F2C1F4172B6A33CB003EE259 /* ContentView.swift */ = {isa = PBXFileReference; lastKnownFileType = sourcecode.swift; path = ContentView.swift; sourceTree = "<group>"; };
		F2C1F4192B6A33CD003EE259 /* Assets.xcassets */ = {isa = PBXFileReference; lastKnownFileType = folder.assetcatalog; path = Assets.xcassets; sourceTree = "<group>"; };
		F2C1F41C2B6A33CD003EE259 /* Preview Assets.xcassets */ = {isa = PBXFileReference; lastKnownFileType = folder.assetcatalog; path = "Preview Assets.xcassets"; sourceTree = "<group>"; };
		F2C1F41E2B6A33CD003EE259 /* Persistence.swift */ = {isa = PBXFileReference; lastKnownFileType = sourcecode.swift; path = Persistence.swift; sourceTree = "<group>"; };
		F2C1F4212B6A33CD003EE259 /* Devote.xcdatamodel */ = {isa = PBXFileReference; lastKnownFileType = wrapper.xcdatamodel; path = Devote.xcdatamodel; sourceTree = "<group>"; };
		F2C1F4282B6A3459003EE259 /* sound-tap.mp3 */ = {isa = PBXFileReference; lastKnownFileType = audio.mp3; path = "sound-tap.mp3"; sourceTree = "<group>"; };
		F2C1F4292B6A3459003EE259 /* sound-rise.mp3 */ = {isa = PBXFileReference; lastKnownFileType = audio.mp3; path = "sound-rise.mp3"; sourceTree = "<group>"; };
		F2C1F42A2B6A3459003EE259 /* sound-ding.mp3 */ = {isa = PBXFileReference; lastKnownFileType = audio.mp3; path = "sound-ding.mp3"; sourceTree = "<group>"; };
		F2C1F4342B6A34F3003EE259 /* Info.plist */ = {isa = PBXFileReference; lastKnownFileType = text.plist; path = Info.plist; sourceTree = "<group>"; };
		F2C1F4392B6B749B003EE259 /* Constant.swift */ = {isa = PBXFileReference; lastKnownFileType = sourcecode.swift; path = Constant.swift; sourceTree = "<group>"; };
		F2C1F43B2B6BA934003EE259 /* HideKeyboardExtension.swift */ = {isa = PBXFileReference; lastKnownFileType = sourcecode.swift; path = HideKeyboardExtension.swift; sourceTree = "<group>"; };
		F2C1F43F2B6BB7B8003EE259 /* BackgroundImageView.swift */ = {isa = PBXFileReference; lastKnownFileType = sourcecode.swift; path = BackgroundImageView.swift; sourceTree = "<group>"; };
		F2C1F4412B6BB888003EE259 /* NewTaskItemView.swift */ = {isa = PBXFileReference; lastKnownFileType = sourcecode.swift; path = NewTaskItemView.swift; sourceTree = "<group>"; };
		F2C1F4432B6BBC47003EE259 /* BlankView.swift */ = {isa = PBXFileReference; lastKnownFileType = sourcecode.swift; path = BlankView.swift; sourceTree = "<group>"; };
		F2C1F4452B6BC3FC003EE259 /* ListRowItemView.swift */ = {isa = PBXFileReference; lastKnownFileType = sourcecode.swift; path = ListRowItemView.swift; sourceTree = "<group>"; };
		F2C1F4472B6BF43D003EE259 /* CheckBoxStyle.swift */ = {isa = PBXFileReference; lastKnownFileType = sourcecode.swift; path = CheckBoxStyle.swift; sourceTree = "<group>"; };
		F2C1F4492B6BF91C003EE259 /* NavButtonStyle.swift */ = {isa = PBXFileReference; lastKnownFileType = sourcecode.swift; path = NavButtonStyle.swift; sourceTree = "<group>"; };
		F2C1F44B2B6CC22D003EE259 /* SoundPlayer.swift */ = {isa = PBXFileReference; lastKnownFileType = sourcecode.swift; path = SoundPlayer.swift; sourceTree = "<group>"; };
/* End PBXFileReference section */

/* Begin PBXFrameworksBuildPhase section */
		F2C1F40F2B6A33CB003EE259 /* Frameworks */ = {
			isa = PBXFrameworksBuildPhase;
			buildActionMask = 2147483647;
			files = (
			);
			runOnlyForDeploymentPostprocessing = 0;
		};
/* End PBXFrameworksBuildPhase section */

/* Begin PBXGroup section */
		F2C1F4092B6A33CA003EE259 = {
			isa = PBXGroup;
			children = (
				F2C1F4142B6A33CB003EE259 /* Devote */,
				F2C1F4132B6A33CB003EE259 /* Products */,
			);
			sourceTree = "<group>";
		};
		F2C1F4132B6A33CB003EE259 /* Products */ = {
			isa = PBXGroup;
			children = (
				F2C1F4122B6A33CB003EE259 /* Devote.app */,
			);
			name = Products;
			sourceTree = "<group>";
		};
		F2C1F4142B6A33CB003EE259 /* Devote */ = {
			isa = PBXGroup;
			children = (
				F2C1F4192B6A33CD003EE259 /* Assets.xcassets */,
				F2C1F4152B6A33CB003EE259 /* DevoteApp.swift */,
				F2C1F4302B6A348D003EE259 /* Extension */,
				F2C1F4342B6A34F3003EE259 /* Info.plist */,
				F2C1F4332B6A34A9003EE259 /* Model */,
				F2C1F41B2B6A33CD003EE259 /* Preview Content */,
				F2C1F42E2B6A3463003EE259 /* Sound */,
				F2C1F4322B6A349B003EE259 /* Style */,
				F2C1F4312B6A3492003EE259 /* Utility */,
				F2C1F42F2B6A3479003EE259 /* View */,
			);
			path = Devote;
			sourceTree = "<group>";
		};
		F2C1F41B2B6A33CD003EE259 /* Preview Content */ = {
			isa = PBXGroup;
			children = (
				F2C1F41C2B6A33CD003EE259 /* Preview Assets.xcassets */,
			);
			path = "Preview Content";
			sourceTree = "<group>";
		};
		F2C1F42E2B6A3463003EE259 /* Sound */ = {
			isa = PBXGroup;
			children = (
				F2C1F42A2B6A3459003EE259 /* sound-ding.mp3 */,
				F2C1F4292B6A3459003EE259 /* sound-rise.mp3 */,
				F2C1F4282B6A3459003EE259 /* sound-tap.mp3 */,
			);
			path = Sound;
			sourceTree = "<group>";
		};
		F2C1F42F2B6A3479003EE259 /* View */ = {
			isa = PBXGroup;
			children = (
				F2C1F4172B6A33CB003EE259 /* ContentView.swift */,
				F2C1F43F2B6BB7B8003EE259 /* BackgroundImageView.swift */,
				F2C1F4412B6BB888003EE259 /* NewTaskItemView.swift */,
				F2C1F4432B6BBC47003EE259 /* BlankView.swift */,
				F2C1F4452B6BC3FC003EE259 /* ListRowItemView.swift */,
			);
			path = View;
			sourceTree = "<group>";
		};
		F2C1F4302B6A348D003EE259 /* Extension */ = {
			isa = PBXGroup;
			children = (
				F2C1F43B2B6BA934003EE259 /* HideKeyboardExtension.swift */,
			);
			path = Extension;
			sourceTree = "<group>";
		};
		F2C1F4312B6A3492003EE259 /* Utility */ = {
			isa = PBXGroup;
			children = (
				F2C1F4392B6B749B003EE259 /* Constant.swift */,
				F2C1F44B2B6CC22D003EE259 /* SoundPlayer.swift */,
			);
			path = Utility;
			sourceTree = "<group>";
		};
		F2C1F4322B6A349B003EE259 /* Style */ = {
			isa = PBXGroup;
			children = (
				F2C1F4472B6BF43D003EE259 /* CheckBoxStyle.swift */,
				F2C1F4492B6BF91C003EE259 /* NavButtonStyle.swift */,
			);
			path = Style;
			sourceTree = "<group>";
		};
		F2C1F4332B6A34A9003EE259 /* Model */ = {
			isa = PBXGroup;
			children = (
				F2C1F41E2B6A33CD003EE259 /* Persistence.swift */,
				F2C1F4202B6A33CD003EE259 /* Devote.xcdatamodeld */,
			);
			path = Model;
			sourceTree = "<group>";
		};
/* End PBXGroup section */

/* Begin PBXNativeTarget section */
		F2C1F4112B6A33CB003EE259 /* Devote */ = {
			isa = PBXNativeTarget;
			buildConfigurationList = F2C1F4252B6A33CD003EE259 /* Build configuration list for PBXNativeTarget "Devote" */;
			buildPhases = (
				F2C1F40E2B6A33CB003EE259 /* Sources */,
				F2C1F40F2B6A33CB003EE259 /* Frameworks */,
				F2C1F4102B6A33CB003EE259 /* Resources */,
			);
			buildRules = (
			);
			dependencies = (
			);
			name = Devote;
			productName = Devote;
			productReference = F2C1F4122B6A33CB003EE259 /* Devote.app */;
			productType = "com.apple.product-type.application";
		};
/* End PBXNativeTarget section */

/* Begin PBXProject section */
		F2C1F40A2B6A33CA003EE259 /* Project object */ = {
			isa = PBXProject;
			attributes = {
				BuildIndependentTargetsInParallel = 1;
				LastSwiftUpdateCheck = 1430;
				LastUpgradeCheck = 1430;
				TargetAttributes = {
					F2C1F4112B6A33CB003EE259 = {
						CreatedOnToolsVersion = 14.3;
					};
				};
			};
			buildConfigurationList = F2C1F40D2B6A33CA003EE259 /* Build configuration list for PBXProject "Devote" */;
			compatibilityVersion = "Xcode 14.0";
			developmentRegion = en;
			hasScannedForEncodings = 0;
			knownRegions = (
				en,
				Base,
			);
			mainGroup = F2C1F4092B6A33CA003EE259;
			productRefGroup = F2C1F4132B6A33CB003EE259 /* Products */;
			projectDirPath = "";
			projectRoot = "";
			targets = (
				F2C1F4112B6A33CB003EE259 /* Devote */,
			);
		};
/* End PBXProject section */

/* Begin PBXResourcesBuildPhase section */
		F2C1F4102B6A33CB003EE259 /* Resources */ = {
			isa = PBXResourcesBuildPhase;
			buildActionMask = 2147483647;
			files = (
				F2C1F42D2B6A3459003EE259 /* sound-ding.mp3 in Resources */,
				F2C1F42B2B6A3459003EE259 /* sound-tap.mp3 in Resources */,
				F2C1F42C2B6A3459003EE259 /* sound-rise.mp3 in Resources */,
				F2C1F41D2B6A33CD003EE259 /* Preview Assets.xcassets in Resources */,
				F2C1F41A2B6A33CD003EE259 /* Assets.xcassets in Resources */,
			);
			runOnlyForDeploymentPostprocessing = 0;
		};
/* End PBXResourcesBuildPhase section */

/* Begin PBXSourcesBuildPhase section */
		F2C1F40E2B6A33CB003EE259 /* Sources */ = {
			isa = PBXSourcesBuildPhase;
			buildActionMask = 2147483647;
			files = (
				F2C1F44C2B6CC22D003EE259 /* SoundPlayer.swift in Sources */,
				F2C1F43A2B6B749B003EE259 /* Constant.swift in Sources */,
				F2C1F4402B6BB7B8003EE259 /* BackgroundImageView.swift in Sources */,
				F2C1F41F2B6A33CD003EE259 /* Persistence.swift in Sources */,
				F2C1F43C2B6BA934003EE259 /* HideKeyboardExtension.swift in Sources */,
				F2C1F4442B6BBC47003EE259 /* BlankView.swift in Sources */,
				F2C1F4182B6A33CB003EE259 /* ContentView.swift in Sources */,
				F2C1F4462B6BC3FC003EE259 /* ListRowItemView.swift in Sources */,
				F2C1F4222B6A33CD003EE259 /* Devote.xcdatamodeld in Sources */,
				F2C1F4482B6BF43D003EE259 /* CheckBoxStyle.swift in Sources */,
				F2C1F44A2B6BF91C003EE259 /* NavButtonStyle.swift in Sources */,
				F2C1F4162B6A33CB003EE259 /* DevoteApp.swift in Sources */,
				F2C1F4422B6BB888003EE259 /* NewTaskItemView.swift in Sources */,
			);
			runOnlyForDeploymentPostprocessing = 0;
		};
/* End PBXSourcesBuildPhase section */

/* Begin XCBuildConfiguration section */
		F2C1F4232B6A33CD003EE259 /* Debug */ = {
			isa = XCBuildConfiguration;
			buildSettings = {
				ALWAYS_SEARCH_USER_PATHS = NO;
				CLANG_ANALYZER_NONNULL = YES;
				CLANG_ANALYZER_NUMBER_OBJECT_CONVERSION = YES_AGGRESSIVE;
				CLANG_CXX_LANGUAGE_STANDARD = "gnu++20";
				CLANG_ENABLE_MODULES = YES;
				CLANG_ENABLE_OBJC_ARC = YES;
				CLANG_ENABLE_OBJC_WEAK = YES;
				CLANG_WARN_BLOCK_CAPTURE_AUTORELEASING = YES;
				CLANG_WARN_BOOL_CONVERSION = YES;
				CLANG_WARN_COMMA = YES;
				CLANG_WARN_CONSTANT_CONVERSION = YES;
				CLANG_WARN_DEPRECATED_OBJC_IMPLEMENTATIONS = YES;
				CLANG_WARN_DIRECT_OBJC_ISA_USAGE = YES_ERROR;
				CLANG_WARN_DOCUMENTATION_COMMENTS = YES;
				CLANG_WARN_EMPTY_BODY = YES;
				CLANG_WARN_ENUM_CONVERSION = YES;
				CLANG_WARN_INFINITE_RECURSION = YES;
				CLANG_WARN_INT_CONVERSION = YES;
				CLANG_WARN_NON_LITERAL_NULL_CONVERSION = YES;
				CLANG_WARN_OBJC_IMPLICIT_RETAIN_SELF = YES;
				CLANG_WARN_OBJC_LITERAL_CONVERSION = YES;
				CLANG_WARN_OBJC_ROOT_CLASS = YES_ERROR;
				CLANG_WARN_QUOTED_INCLUDE_IN_FRAMEWORK_HEADER = YES;
				CLANG_WARN_RANGE_LOOP_ANALYSIS = YES;
				CLANG_WARN_STRICT_PROTOTYPES = YES;
				CLANG_WARN_SUSPICIOUS_MOVE = YES;
				CLANG_WARN_UNGUARDED_AVAILABILITY = YES_AGGRESSIVE;
				CLANG_WARN_UNREACHABLE_CODE = YES;
				CLANG_WARN__DUPLICATE_METHOD_MATCH = YES;
				COPY_PHASE_STRIP = NO;
				DEBUG_INFORMATION_FORMAT = dwarf;
				ENABLE_STRICT_OBJC_MSGSEND = YES;
				ENABLE_TESTABILITY = YES;
				GCC_C_LANGUAGE_STANDARD = gnu11;
				GCC_DYNAMIC_NO_PIC = NO;
				GCC_NO_COMMON_BLOCKS = YES;
				GCC_OPTIMIZATION_LEVEL = 0;
				GCC_PREPROCESSOR_DEFINITIONS = (
					"DEBUG=1",
					"$(inherited)",
				);
				GCC_WARN_64_TO_32_BIT_CONVERSION = YES;
				GCC_WARN_ABOUT_RETURN_TYPE = YES_ERROR;
				GCC_WARN_UNDECLARED_SELECTOR = YES;
				GCC_WARN_UNINITIALIZED_AUTOS = YES_AGGRESSIVE;
				GCC_WARN_UNUSED_FUNCTION = YES;
				GCC_WARN_UNUSED_VARIABLE = YES;
				IPHONEOS_DEPLOYMENT_TARGET = 16.4;
				MTL_ENABLE_DEBUG_INFO = INCLUDE_SOURCE;
				MTL_FAST_MATH = YES;
				ONLY_ACTIVE_ARCH = YES;
				SDKROOT = iphoneos;
				SWIFT_ACTIVE_COMPILATION_CONDITIONS = DEBUG;
				SWIFT_OPTIMIZATION_LEVEL = "-Onone";
			};
			name = Debug;
		};
		F2C1F4242B6A33CD003EE259 /* Release */ = {
			isa = XCBuildConfiguration;
			buildSettings = {
				ALWAYS_SEARCH_USER_PATHS = NO;
				CLANG_ANALYZER_NONNULL = YES;
				CLANG_ANALYZER_NUMBER_OBJECT_CONVERSION = YES_AGGRESSIVE;
				CLANG_CXX_LANGUAGE_STANDARD = "gnu++20";
				CLANG_ENABLE_MODULES = YES;
				CLANG_ENABLE_OBJC_ARC = YES;
				CLANG_ENABLE_OBJC_WEAK = YES;
				CLANG_WARN_BLOCK_CAPTURE_AUTORELEASING = YES;
				CLANG_WARN_BOOL_CONVERSION = YES;
				CLANG_WARN_COMMA = YES;
				CLANG_WARN_CONSTANT_CONVERSION = YES;
				CLANG_WARN_DEPRECATED_OBJC_IMPLEMENTATIONS = YES;
				CLANG_WARN_DIRECT_OBJC_ISA_USAGE = YES_ERROR;
				CLANG_WARN_DOCUMENTATION_COMMENTS = YES;
				CLANG_WARN_EMPTY_BODY = YES;
				CLANG_WARN_ENUM_CONVERSION = YES;
				CLANG_WARN_INFINITE_RECURSION = YES;
				CLANG_WARN_INT_CONVERSION = YES;
				CLANG_WARN_NON_LITERAL_NULL_CONVERSION = YES;
				CLANG_WARN_OBJC_IMPLICIT_RETAIN_SELF = YES;
				CLANG_WARN_OBJC_LITERAL_CONVERSION = YES;
				CLANG_WARN_OBJC_ROOT_CLASS = YES_ERROR;
				CLANG_WARN_QUOTED_INCLUDE_IN_FRAMEWORK_HEADER = YES;
				CLANG_WARN_RANGE_LOOP_ANALYSIS = YES;
				CLANG_WARN_STRICT_PROTOTYPES = YES;
				CLANG_WARN_SUSPICIOUS_MOVE = YES;
				CLANG_WARN_UNGUARDED_AVAILABILITY = YES_AGGRESSIVE;
				CLANG_WARN_UNREACHABLE_CODE = YES;
				CLANG_WARN__DUPLICATE_METHOD_MATCH = YES;
				COPY_PHASE_STRIP = NO;
				DEBUG_INFORMATION_FORMAT = "dwarf-with-dsym";
				ENABLE_NS_ASSERTIONS = NO;
				ENABLE_STRICT_OBJC_MSGSEND = YES;
				GCC_C_LANGUAGE_STANDARD = gnu11;
				GCC_NO_COMMON_BLOCKS = YES;
				GCC_WARN_64_TO_32_BIT_CONVERSION = YES;
				GCC_WARN_ABOUT_RETURN_TYPE = YES_ERROR;
				GCC_WARN_UNDECLARED_SELECTOR = YES;
				GCC_WARN_UNINITIALIZED_AUTOS = YES_AGGRESSIVE;
				GCC_WARN_UNUSED_FUNCTION = YES;
				GCC_WARN_UNUSED_VARIABLE = YES;
				IPHONEOS_DEPLOYMENT_TARGET = 16.4;
				MTL_ENABLE_DEBUG_INFO = NO;
				MTL_FAST_MATH = YES;
				SDKROOT = iphoneos;
				SWIFT_COMPILATION_MODE = wholemodule;
				SWIFT_OPTIMIZATION_LEVEL = "-O";
				VALIDATE_PRODUCT = YES;
			};
			name = Release;
		};
		F2C1F4262B6A33CD003EE259 /* Debug */ = {
			isa = XCBuildConfiguration;
			buildSettings = {
				ASSETCATALOG_COMPILER_APPICON_NAME = AppIcon;
				ASSETCATALOG_COMPILER_GLOBAL_ACCENT_COLOR_NAME = AccentColor;
				CODE_SIGN_STYLE = Automatic;
				CURRENT_PROJECT_VERSION = 1;
				DEVELOPMENT_ASSET_PATHS = "\"Devote/Preview Content\"";
				DEVELOPMENT_TEAM = 268R4A74SL;
				ENABLE_PREVIEWS = YES;
				GENERATE_INFOPLIST_FILE = YES;
				INFOPLIST_FILE = Devote/Info.plist;
				INFOPLIST_KEY_UIApplicationSceneManifest_Generation = YES;
				INFOPLIST_KEY_UIApplicationSupportsIndirectInputEvents = YES;
				INFOPLIST_KEY_UISupportedInterfaceOrientations = UIInterfaceOrientationPortrait;
				INFOPLIST_KEY_UISupportedInterfaceOrientations_iPad = "UIInterfaceOrientationPortrait UIInterfaceOrientationPortraitUpsideDown";
				LD_RUNPATH_SEARCH_PATHS = (
					"$(inherited)",
					"@executable_path/Frameworks",
				);
				MARKETING_VERSION = 1.0;
				PRODUCT_BUNDLE_IDENTIFIER = com.pablocaraballogomez.Devote;
				PRODUCT_NAME = "$(TARGET_NAME)";
				SWIFT_EMIT_LOC_STRINGS = YES;
				SWIFT_VERSION = 5.0;
				TARGETED_DEVICE_FAMILY = "1,2";
			};
			name = Debug;
		};
		F2C1F4272B6A33CD003EE259 /* Release */ = {
			isa = XCBuildConfiguration;
			buildSettings = {
				ASSETCATALOG_COMPILER_APPICON_NAME = AppIcon;
				ASSETCATALOG_COMPILER_GLOBAL_ACCENT_COLOR_NAME = AccentColor;
				CODE_SIGN_STYLE = Automatic;
				CURRENT_PROJECT_VERSION = 1;
				DEVELOPMENT_ASSET_PATHS = "\"Devote/Preview Content\"";
				DEVELOPMENT_TEAM = 268R4A74SL;
				ENABLE_PREVIEWS = YES;
				GENERATE_INFOPLIST_FILE = YES;
				INFOPLIST_FILE = Devote/Info.plist;
				INFOPLIST_KEY_UIApplicationSceneManifest_Generation = YES;
				INFOPLIST_KEY_UIApplicationSupportsIndirectInputEvents = YES;
				INFOPLIST_KEY_UISupportedInterfaceOrientations = UIInterfaceOrientationPortrait;
				INFOPLIST_KEY_UISupportedInterfaceOrientations_iPad = "UIInterfaceOrientationPortrait UIInterfaceOrientationPortraitUpsideDown";
				LD_RUNPATH_SEARCH_PATHS = (
					"$(inherited)",
					"@executable_path/Frameworks",
				);
				MARKETING_VERSION = 1.0;
				PRODUCT_BUNDLE_IDENTIFIER = com.pablocaraballogomez.Devote;
				PRODUCT_NAME = "$(TARGET_NAME)";
				SWIFT_EMIT_LOC_STRINGS = YES;
				SWIFT_VERSION = 5.0;
				TARGETED_DEVICE_FAMILY = "1,2";
			};
			name = Release;
		};
/* End XCBuildConfiguration section */

/* Begin XCConfigurationList section */
		F2C1F40D2B6A33CA003EE259 /* Build configuration list for PBXProject "Devote" */ = {
			isa = XCConfigurationList;
			buildConfigurations = (
				F2C1F4232B6A33CD003EE259 /* Debug */,
				F2C1F4242B6A33CD003EE259 /* Release */,
			);
			defaultConfigurationIsVisible = 0;
			defaultConfigurationName = Release;
		};
		F2C1F4252B6A33CD003EE259 /* Build configuration list for PBXNativeTarget "Devote" */ = {
			isa = XCConfigurationList;
			buildConfigurations = (
				F2C1F4262B6A33CD003EE259 /* Debug */,
				F2C1F4272B6A33CD003EE259 /* Release */,
			);
			defaultConfigurationIsVisible = 0;
			defaultConfigurationName = Release;
		};
/* End XCConfigurationList section */

/* Begin XCVersionGroup section */
		F2C1F4202B6A33CD003EE259 /* Devote.xcdatamodeld */ = {
			isa = XCVersionGroup;
			children = (
				F2C1F4212B6A33CD003EE259 /* Devote.xcdatamodel */,
			);
			currentVersion = F2C1F4212B6A33CD003EE259 /* Devote.xcdatamodel */;
			path = Devote.xcdatamodeld;
			sourceTree = "<group>";
			versionGroupType = wrapper.xcdatamodel;
		};
/* End XCVersionGroup section */
	};
	rootObject = F2C1F40A2B6A33CA003EE259 /* Project object */;
}
